// !$*UTF8*$!
{
	archiveVersion = 1;
	classes = {
	};
	objectVersion = 46;
	objects = {

/* Begin PBXBuildFile section */
		BE8B5FB532C32BFE980130F1 /* libPods-UtilityAppSingleItem.a in Frameworks */ = {isa = PBXBuildFile; fileRef = BF6706874C8A1A57823DBE4B /* libPods-UtilityAppSingleItem.a */; };
		DC33F8BA1F3B30F00037B568 /* main.m in Sources */ = {isa = PBXBuildFile; fileRef = DC33F8B91F3B30F00037B568 /* main.m */; };
		DC33F8BD1F3B30F00037B568 /* AppDelegate.m in Sources */ = {isa = PBXBuildFile; fileRef = DC33F8BC1F3B30F00037B568 /* AppDelegate.m */; };
		DC33F8C01F3B30F00037B568 /* ViewController.m in Sources */ = {isa = PBXBuildFile; fileRef = DC33F8BF1F3B30F00037B568 /* ViewController.m */; };
		DC33F8C31F3B30F00037B568 /* Main.storyboard in Resources */ = {isa = PBXBuildFile; fileRef = DC33F8C11F3B30F00037B568 /* Main.storyboard */; };
		DC33F8C51F3B30F00037B568 /* Assets.xcassets in Resources */ = {isa = PBXBuildFile; fileRef = DC33F8C41F3B30F00037B568 /* Assets.xcassets */; };
		DC33F8C81F3B30F00037B568 /* LaunchScreen.storyboard in Resources */ = {isa = PBXBuildFile; fileRef = DC33F8C61F3B30F00037B568 /* LaunchScreen.storyboard */; };
		DC33F8D51F3B3CF90037B568 /* attributionIcon.png in Resources */ = {isa = PBXBuildFile; fileRef = DC33F8D41F3B3CF90037B568 /* attributionIcon.png */; };
		DC33F8D71F3B3E720037B568 /* AVFoundation.framework in Frameworks */ = {isa = PBXBuildFile; fileRef = DC33F8D61F3B3E720037B568 /* AVFoundation.framework */; };
/* End PBXBuildFile section */

/* Begin PBXFileReference section */
		0D8A1E8C8269E7F1F3403961 /* Pods-UtilityAppSingleItem.debug.xcconfig */ = {isa = PBXFileReference; includeInIndex = 1; lastKnownFileType = text.xcconfig; name = "Pods-UtilityAppSingleItem.debug.xcconfig"; path = "Pods/Target Support Files/Pods-UtilityAppSingleItem/Pods-UtilityAppSingleItem.debug.xcconfig"; sourceTree = "<group>"; };
		7486639056C8064E3AB371B9 /* Pods-UtilityAppSingleItem.release.xcconfig */ = {isa = PBXFileReference; includeInIndex = 1; lastKnownFileType = text.xcconfig; name = "Pods-UtilityAppSingleItem.release.xcconfig"; path = "Pods/Target Support Files/Pods-UtilityAppSingleItem/Pods-UtilityAppSingleItem.release.xcconfig"; sourceTree = "<group>"; };
		BF6706874C8A1A57823DBE4B /* libPods-UtilityAppSingleItem.a */ = {isa = PBXFileReference; explicitFileType = archive.ar; includeInIndex = 0; path = "libPods-UtilityAppSingleItem.a"; sourceTree = BUILT_PRODUCTS_DIR; };
		DC33F8B51F3B30F00037B568 /* UtilityAppSingleItem.app */ = {isa = PBXFileReference; explicitFileType = wrapper.application; includeInIndex = 0; path = UtilityAppSingleItem.app; sourceTree = BUILT_PRODUCTS_DIR; };
		DC33F8B91F3B30F00037B568 /* main.m */ = {isa = PBXFileReference; lastKnownFileType = sourcecode.c.objc; path = main.m; sourceTree = "<group>"; };
		DC33F8BB1F3B30F00037B568 /* AppDelegate.h */ = {isa = PBXFileReference; lastKnownFileType = sourcecode.c.h; path = AppDelegate.h; sourceTree = "<group>"; };
		DC33F8BC1F3B30F00037B568 /* AppDelegate.m */ = {isa = PBXFileReference; lastKnownFileType = sourcecode.c.objc; path = AppDelegate.m; sourceTree = "<group>"; };
		DC33F8BE1F3B30F00037B568 /* ViewController.h */ = {isa = PBXFileReference; lastKnownFileType = sourcecode.c.h; path = ViewController.h; sourceTree = "<group>"; };
		DC33F8BF1F3B30F00037B568 /* ViewController.m */ = {isa = PBXFileReference; lastKnownFileType = sourcecode.c.objc; path = ViewController.m; sourceTree = "<group>"; };
		DC33F8C21F3B30F00037B568 /* Base */ = {isa = PBXFileReference; lastKnownFileType = file.storyboard; name = Base; path = Base.lproj/Main.storyboard; sourceTree = "<group>"; };
		DC33F8C41F3B30F00037B568 /* Assets.xcassets */ = {isa = PBXFileReference; lastKnownFileType = folder.assetcatalog; path = Assets.xcassets; sourceTree = "<group>"; };
		DC33F8C71F3B30F00037B568 /* Base */ = {isa = PBXFileReference; lastKnownFileType = file.storyboard; name = Base; path = Base.lproj/LaunchScreen.storyboard; sourceTree = "<group>"; };
		DC33F8C91F3B30F00037B568 /* Info.plist */ = {isa = PBXFileReference; lastKnownFileType = text.plist.xml; path = Info.plist; sourceTree = "<group>"; };
		DC33F8D21F3B36440037B568 /* TaboolaSDK.framework */ = {isa = PBXFileReference; lastKnownFileType = wrapper.framework; path = TaboolaSDK.framework; sourceTree = "<group>"; };
		DC33F8D41F3B3CF90037B568 /* attributionIcon.png */ = {isa = PBXFileReference; lastKnownFileType = image.png; path = attributionIcon.png; sourceTree = "<group>"; };
		DC33F8D61F3B3E720037B568 /* AVFoundation.framework */ = {isa = PBXFileReference; lastKnownFileType = wrapper.framework; name = AVFoundation.framework; path = System/Library/Frameworks/AVFoundation.framework; sourceTree = SDKROOT; };
/* End PBXFileReference section */

/* Begin PBXFrameworksBuildPhase section */
		DC33F8B21F3B30F00037B568 /* Frameworks */ = {
			isa = PBXFrameworksBuildPhase;
			buildActionMask = 2147483647;
			files = (
				DC33F8D71F3B3E720037B568 /* AVFoundation.framework in Frameworks */,
				BE8B5FB532C32BFE980130F1 /* libPods-UtilityAppSingleItem.a in Frameworks */,
			);
			runOnlyForDeploymentPostprocessing = 0;
		};
/* End PBXFrameworksBuildPhase section */

/* Begin PBXGroup section */
		C499EB0112FC0DBE00954F06 /* Pods */ = {
			isa = PBXGroup;
			children = (
				0D8A1E8C8269E7F1F3403961 /* Pods-UtilityAppSingleItem.debug.xcconfig */,
				7486639056C8064E3AB371B9 /* Pods-UtilityAppSingleItem.release.xcconfig */,
			);
			name = Pods;
			sourceTree = "<group>";
		};
		DC33F8AC1F3B30F00037B568 = {
			isa = PBXGroup;
			children = (
				DC33F8B71F3B30F00037B568 /* UtilityAppSingleItem */,
				DC33F8B61F3B30F00037B568 /* Products */,
				DC33F8D11F3B36440037B568 /* Frameworks */,
				C499EB0112FC0DBE00954F06 /* Pods */,
			);
			sourceTree = "<group>";
		};
		DC33F8B61F3B30F00037B568 /* Products */ = {
			isa = PBXGroup;
			children = (
				DC33F8B51F3B30F00037B568 /* UtilityAppSingleItem.app */,
			);
			name = Products;
			sourceTree = "<group>";
		};
		DC33F8B71F3B30F00037B568 /* UtilityAppSingleItem */ = {
			isa = PBXGroup;
			children = (
				DC33F8BB1F3B30F00037B568 /* AppDelegate.h */,
				DC33F8BC1F3B30F00037B568 /* AppDelegate.m */,
				DC33F8BE1F3B30F00037B568 /* ViewController.h */,
				DC33F8BF1F3B30F00037B568 /* ViewController.m */,
				DC33F8C11F3B30F00037B568 /* Main.storyboard */,
				DC33F8C41F3B30F00037B568 /* Assets.xcassets */,
				DC33F8D41F3B3CF90037B568 /* attributionIcon.png */,
				DC33F8C61F3B30F00037B568 /* LaunchScreen.storyboard */,
				DC33F8C91F3B30F00037B568 /* Info.plist */,
				DC33F8B81F3B30F00037B568 /* Supporting Files */,
			);
			path = UtilityAppSingleItem;
			sourceTree = "<group>";
		};
		DC33F8B81F3B30F00037B568 /* Supporting Files */ = {
			isa = PBXGroup;
			children = (
				DC33F8B91F3B30F00037B568 /* main.m */,
			);
			name = "Supporting Files";
			sourceTree = "<group>";
		};
		DC33F8D11F3B36440037B568 /* Frameworks */ = {
			isa = PBXGroup;
			children = (
				DC33F8D61F3B3E720037B568 /* AVFoundation.framework */,
				DC33F8D21F3B36440037B568 /* TaboolaSDK.framework */,
				BF6706874C8A1A57823DBE4B /* libPods-UtilityAppSingleItem.a */,
			);
			name = Frameworks;
			sourceTree = "<group>";
		};
/* End PBXGroup section */

/* Begin PBXNativeTarget section */
		DC33F8B41F3B30F00037B568 /* UtilityAppSingleItem */ = {
			isa = PBXNativeTarget;
			buildConfigurationList = DC33F8CC1F3B30F00037B568 /* Build configuration list for PBXNativeTarget "UtilityAppSingleItem" */;
			buildPhases = (
				C95B0AA3C86C78F4D31CC898 /* [CP] Check Pods Manifest.lock */,
				DC33F8B11F3B30F00037B568 /* Sources */,
				DC33F8B21F3B30F00037B568 /* Frameworks */,
				DC33F8B31F3B30F00037B568 /* Resources */,
				DF7DC61D5E546EA148E803A0 /* [CP] Embed Pods Frameworks */,
				FE193C799CDE50DA308E72EC /* [CP] Copy Pods Resources */,
			);
			buildRules = (
			);
			dependencies = (
			);
			name = UtilityAppSingleItem;
			productName = UtilityAppSingleItem;
			productReference = DC33F8B51F3B30F00037B568 /* UtilityAppSingleItem.app */;
			productType = "com.apple.product-type.application";
		};
/* End PBXNativeTarget section */

/* Begin PBXProject section */
		DC33F8AD1F3B30F00037B568 /* Project object */ = {
			isa = PBXProject;
			attributes = {
				LastUpgradeCheck = 0830;
				ORGANIZATIONNAME = Taboola;
				TargetAttributes = {
					DC33F8B41F3B30F00037B568 = {
						CreatedOnToolsVersion = 8.3.2;
						DevelopmentTeam = QMJ5T4LTHY;
						ProvisioningStyle = Automatic;
					};
				};
			};
			buildConfigurationList = DC33F8B01F3B30F00037B568 /* Build configuration list for PBXProject "UtilityAppSingleItem" */;
			compatibilityVersion = "Xcode 3.2";
			developmentRegion = English;
			hasScannedForEncodings = 0;
			knownRegions = (
				en,
				Base,
			);
			mainGroup = DC33F8AC1F3B30F00037B568;
			productRefGroup = DC33F8B61F3B30F00037B568 /* Products */;
			projectDirPath = "";
			projectRoot = "";
			targets = (
				DC33F8B41F3B30F00037B568 /* UtilityAppSingleItem */,
			);
		};
/* End PBXProject section */

/* Begin PBXResourcesBuildPhase section */
		DC33F8B31F3B30F00037B568 /* Resources */ = {
			isa = PBXResourcesBuildPhase;
			buildActionMask = 2147483647;
			files = (
				DC33F8D51F3B3CF90037B568 /* attributionIcon.png in Resources */,
				DC33F8C81F3B30F00037B568 /* LaunchScreen.storyboard in Resources */,
				DC33F8C51F3B30F00037B568 /* Assets.xcassets in Resources */,
				DC33F8C31F3B30F00037B568 /* Main.storyboard in Resources */,
			);
			runOnlyForDeploymentPostprocessing = 0;
		};
/* End PBXResourcesBuildPhase section */

/* Begin PBXShellScriptBuildPhase section */
		C95B0AA3C86C78F4D31CC898 /* [CP] Check Pods Manifest.lock */ = {
			isa = PBXShellScriptBuildPhase;
			buildActionMask = 2147483647;
			files = (
			);
			inputPaths = (
				"${PODS_PODFILE_DIR_PATH}/Podfile.lock",
				"${PODS_ROOT}/Manifest.lock",
			);
			name = "[CP] Check Pods Manifest.lock";
			outputPaths = (
				"$(DERIVED_FILE_DIR)/Pods-UtilityAppSingleItem-checkManifestLockResult.txt",
			);
			runOnlyForDeploymentPostprocessing = 0;
			shellPath = /bin/sh;
			shellScript = "diff \"${PODS_PODFILE_DIR_PATH}/Podfile.lock\" \"${PODS_ROOT}/Manifest.lock\" > /dev/null\nif [ $? != 0 ] ; then\n    # print error to STDERR\n    echo \"error: The sandbox is not in sync with the Podfile.lock. Run 'pod install' or update your CocoaPods installation.\" >&2\n    exit 1\nfi\n# This output is used by Xcode 'outputs' to avoid re-running this script phase.\necho \"SUCCESS\" > \"${SCRIPT_OUTPUT_FILE_0}\"\n";
			showEnvVarsInLog = 0;
		};
		DF7DC61D5E546EA148E803A0 /* [CP] Embed Pods Frameworks */ = {
			isa = PBXShellScriptBuildPhase;
			buildActionMask = 2147483647;
			files = (
			);
			inputPaths = (
			);
			name = "[CP] Embed Pods Frameworks";
			outputPaths = (
			);
			runOnlyForDeploymentPostprocessing = 0;
			shellPath = /bin/sh;
			shellScript = "\"${SRCROOT}/Pods/Target Support Files/Pods-UtilityAppSingleItem/Pods-UtilityAppSingleItem-frameworks.sh\"\n";
			showEnvVarsInLog = 0;
		};
		FE193C799CDE50DA308E72EC /* [CP] Copy Pods Resources */ = {
			isa = PBXShellScriptBuildPhase;
			buildActionMask = 2147483647;
			files = (
			);
			inputPaths = (
				"${SRCROOT}/Pods/Target Support Files/Pods-UtilityAppSingleItem/Pods-UtilityAppSingleItem-resources.sh",
				"${PODS_ROOT}/TaboolaSDK/TaboolaSDK.framework/Versions/A/TaboolaResources/TaboolaVIewResources.bundle",
			);
			name = "[CP] Copy Pods Resources";
			outputPaths = (
				"${TARGET_BUILD_DIR}/${UNLOCALIZED_RESOURCES_FOLDER_PATH}",
			);
			runOnlyForDeploymentPostprocessing = 0;
			shellPath = /bin/sh;
			shellScript = "\"${SRCROOT}/Pods/Target Support Files/Pods-UtilityAppSingleItem/Pods-UtilityAppSingleItem-resources.sh\"\n";
			showEnvVarsInLog = 0;
		};
/* End PBXShellScriptBuildPhase section */

/* Begin PBXSourcesBuildPhase section */
		DC33F8B11F3B30F00037B568 /* Sources */ = {
			isa = PBXSourcesBuildPhase;
			buildActionMask = 2147483647;
			files = (
				DC33F8C01F3B30F00037B568 /* ViewController.m in Sources */,
				DC33F8BD1F3B30F00037B568 /* AppDelegate.m in Sources */,
				DC33F8BA1F3B30F00037B568 /* main.m in Sources */,
			);
			runOnlyForDeploymentPostprocessing = 0;
		};
/* End PBXSourcesBuildPhase section */

/* Begin PBXVariantGroup section */
		DC33F8C11F3B30F00037B568 /* Main.storyboard */ = {
			isa = PBXVariantGroup;
			children = (
				DC33F8C21F3B30F00037B568 /* Base */,
			);
			name = Main.storyboard;
			sourceTree = "<group>";
		};
		DC33F8C61F3B30F00037B568 /* LaunchScreen.storyboard */ = {
			isa = PBXVariantGroup;
			children = (
				DC33F8C71F3B30F00037B568 /* Base */,
			);
			name = LaunchScreen.storyboard;
			sourceTree = "<group>";
		};
/* End PBXVariantGroup section */

/* Begin XCBuildConfiguration section */
		DC33F8CA1F3B30F00037B568 /* Debug */ = {
			isa = XCBuildConfiguration;
			buildSettings = {
				ALWAYS_SEARCH_USER_PATHS = NO;
				CLANG_ANALYZER_NONNULL = YES;
				CLANG_ANALYZER_NUMBER_OBJECT_CONVERSION = YES_AGGRESSIVE;
				CLANG_CXX_LANGUAGE_STANDARD = "gnu++0x";
				CLANG_CXX_LIBRARY = "libc++";
				CLANG_ENABLE_MODULES = YES;
				CLANG_ENABLE_OBJC_ARC = YES;
				CLANG_WARN_BOOL_CONVERSION = YES;
				CLANG_WARN_CONSTANT_CONVERSION = YES;
				CLANG_WARN_DIRECT_OBJC_ISA_USAGE = YES_ERROR;
				CLANG_WARN_DOCUMENTATION_COMMENTS = YES;
				CLANG_WARN_EMPTY_BODY = YES;
				CLANG_WARN_ENUM_CONVERSION = YES;
				CLANG_WARN_INFINITE_RECURSION = YES;
				CLANG_WARN_INT_CONVERSION = YES;
				CLANG_WARN_OBJC_ROOT_CLASS = YES_ERROR;
				CLANG_WARN_SUSPICIOUS_MOVE = YES;
				CLANG_WARN_UNREACHABLE_CODE = YES;
				CLANG_WARN__DUPLICATE_METHOD_MATCH = YES;
				"CODE_SIGN_IDENTITY[sdk=iphoneos*]" = "iPhone Developer";
				COPY_PHASE_STRIP = NO;
				DEBUG_INFORMATION_FORMAT = dwarf;
				ENABLE_STRICT_OBJC_MSGSEND = YES;
				ENABLE_TESTABILITY = YES;
				GCC_C_LANGUAGE_STANDARD = gnu99;
				GCC_DYNAMIC_NO_PIC = NO;
				GCC_NO_COMMON_BLOCKS = YES;
				GCC_OPTIMIZATION_LEVEL = 0;
				GCC_PREPROCESSOR_DEFINITIONS = (
					"DEBUG=1",
					"$(inherited)",
				);
				GCC_WARN_64_TO_32_BIT_CONVERSION = YES;
				GCC_WARN_ABOUT_RETURN_TYPE = YES_ERROR;
				GCC_WARN_UNDECLARED_SELECTOR = YES;
				GCC_WARN_UNINITIALIZED_AUTOS = YES_AGGRESSIVE;
				GCC_WARN_UNUSED_FUNCTION = YES;
				GCC_WARN_UNUSED_VARIABLE = YES;
				IPHONEOS_DEPLOYMENT_TARGET = 10.3;
				MTL_ENABLE_DEBUG_INFO = YES;
				ONLY_ACTIVE_ARCH = YES;
				SDKROOT = iphoneos;
				TARGETED_DEVICE_FAMILY = "1,2";
			};
			name = Debug;
		};
		DC33F8CB1F3B30F00037B568 /* Release */ = {
			isa = XCBuildConfiguration;
			buildSettings = {
				ALWAYS_SEARCH_USER_PATHS = NO;
				CLANG_ANALYZER_NONNULL = YES;
				CLANG_ANALYZER_NUMBER_OBJECT_CONVERSION = YES_AGGRESSIVE;
				CLANG_CXX_LANGUAGE_STANDARD = "gnu++0x";
				CLANG_CXX_LIBRARY = "libc++";
				CLANG_ENABLE_MODULES = YES;
				CLANG_ENABLE_OBJC_ARC = YES;
				CLANG_WARN_BOOL_CONVERSION = YES;
				CLANG_WARN_CONSTANT_CONVERSION = YES;
				CLANG_WARN_DIRECT_OBJC_ISA_USAGE = YES_ERROR;
				CLANG_WARN_DOCUMENTATION_COMMENTS = YES;
				CLANG_WARN_EMPTY_BODY = YES;
				CLANG_WARN_ENUM_CONVERSION = YES;
				CLANG_WARN_INFINITE_RECURSION = YES;
				CLANG_WARN_INT_CONVERSION = YES;
				CLANG_WARN_OBJC_ROOT_CLASS = YES_ERROR;
				CLANG_WARN_SUSPICIOUS_MOVE = YES;
				CLANG_WARN_UNREACHABLE_CODE = YES;
				CLANG_WARN__DUPLICATE_METHOD_MATCH = YES;
				"CODE_SIGN_IDENTITY[sdk=iphoneos*]" = "iPhone Developer";
				COPY_PHASE_STRIP = NO;
				DEBUG_INFORMATION_FORMAT = "dwarf-with-dsym";
				ENABLE_NS_ASSERTIONS = NO;
				ENABLE_STRICT_OBJC_MSGSEND = YES;
				GCC_C_LANGUAGE_STANDARD = gnu99;
				GCC_NO_COMMON_BLOCKS = YES;
				GCC_WARN_64_TO_32_BIT_CONVERSION = YES;
				GCC_WARN_ABOUT_RETURN_TYPE = YES_ERROR;
				GCC_WARN_UNDECLARED_SELECTOR = YES;
				GCC_WARN_UNINITIALIZED_AUTOS = YES_AGGRESSIVE;
				GCC_WARN_UNUSED_FUNCTION = YES;
				GCC_WARN_UNUSED_VARIABLE = YES;
				IPHONEOS_DEPLOYMENT_TARGET = 10.3;
				MTL_ENABLE_DEBUG_INFO = NO;
				SDKROOT = iphoneos;
				TARGETED_DEVICE_FAMILY = "1,2";
				VALIDATE_PRODUCT = YES;
			};
			name = Release;
		};
		DC33F8CD1F3B30F00037B568 /* Debug */ = {
			isa = XCBuildConfiguration;
			baseConfigurationReference = 0D8A1E8C8269E7F1F3403961 /* Pods-UtilityAppSingleItem.debug.xcconfig */;
			buildSettings = {
				ASSETCATALOG_COMPILER_APPICON_NAME = AppIcon;
				DEVELOPMENT_TEAM = QMJ5T4LTHY;
				FRAMEWORK_SEARCH_PATHS = (
					"$(inherited)",
					"$(PROJECT_DIR)",
				);
				HEADER_SEARCH_PATHS = "";
				INFOPLIST_FILE = UtilityAppSingleItem/Info.plist;
				LD_RUNPATH_SEARCH_PATHS = "$(inherited) @executable_path/Frameworks";
				OTHER_LDFLAGS = (
					"-ObjC",
					"$(inherited)",
				);
				PRODUCT_BUNDLE_IDENTIFIER = Taboola.UtilityAppSingleItem;
				PRODUCT_NAME = "$(TARGET_NAME)";
			};
			name = Debug;
		};
		DC33F8CE1F3B30F00037B568 /* Release */ = {
			isa = XCBuildConfiguration;
			baseConfigurationReference = 7486639056C8064E3AB371B9 /* Pods-UtilityAppSingleItem.release.xcconfig */;
			buildSettings = {
				ASSETCATALOG_COMPILER_APPICON_NAME = AppIcon;
				DEVELOPMENT_TEAM = QMJ5T4LTHY;
				FRAMEWORK_SEARCH_PATHS = (
					"$(inherited)",
					"$(PROJECT_DIR)",
				);
				HEADER_SEARCH_PATHS = "";
				INFOPLIST_FILE = UtilityAppSingleItem/Info.plist;
				LD_RUNPATH_SEARCH_PATHS = "$(inherited) @executable_path/Frameworks";
				OTHER_LDFLAGS = (
					"-ObjC",
					"$(inherited)",
				);
				PRODUCT_BUNDLE_IDENTIFIER = Taboola.UtilityAppSingleItem;
				PRODUCT_NAME = "$(TARGET_NAME)";
			};
			name = Release;
		};
/* End XCBuildConfiguration section */

/* Begin XCConfigurationList section */
		DC33F8B01F3B30F00037B568 /* Build configuration list for PBXProject "UtilityAppSingleItem" */ = {
			isa = XCConfigurationList;
			buildConfigurations = (
				DC33F8CA1F3B30F00037B568 /* Debug */,
				DC33F8CB1F3B30F00037B568 /* Release */,
			);
			defaultConfigurationIsVisible = 0;
			defaultConfigurationName = Release;
		};
		DC33F8CC1F3B30F00037B568 /* Build configuration list for PBXNativeTarget "UtilityAppSingleItem" */ = {
			isa = XCConfigurationList;
			buildConfigurations = (
				DC33F8CD1F3B30F00037B568 /* Debug */,
				DC33F8CE1F3B30F00037B568 /* Release */,
			);
			defaultConfigurationIsVisible = 0;
			defaultConfigurationName = Release;
		};
/* End XCConfigurationList section */
	};
	rootObject = DC33F8AD1F3B30F00037B568 /* Project object */;
}
